
Microsoft Visual Studio Solution File, Format Version 12.00
# Visual Studio 15
Project("{FAE04EC0-301F-11D3-BF4B-00C04F79EFBC}") = "Assembly-CSharp", "Assembly-CSharp.csproj", "{11DD8210-3C3F-A02F-2454-72EACAB45BDC}"
EndProject
Global
	GlobalSection(SolutionConfigurationPlatforms) = preSolution
		Debug|Any CPU = Debug|Any CPU
		Release|Any CPU = Release|Any CPU
	EndGlobalSection
	GlobalSection(ProjectConfigurationPlatforms) = postSolution
		{11DD8210-3C3F-A02F-2454-72EACAB45BDC}.Debug|Any CPU.ActiveCfg = Debug|Any CPU
		{11DD8210-3C3F-A02F-2454-72EACAB45BDC}.Debug|Any CPU.Build.0 = Debug|Any CPU
		{11DD8210-3C3F-A02F-2454-72EACAB45BDC}.Release|Any CPU.ActiveCfg = Release|Any CPU
		{11DD8210-3C3F-A02F-2454-72EACAB45BDC}.Release|Any CPU.Build.0 = Release|Any CPU
	EndGlobalSection
	GlobalSection(SolutionProperties) = preSolution
		HideSolutionNode = FALSE
	EndGlobalSection
EndGlobal
